
Microsoft Visual Studio Solution File, Format Version 12.00
# Visual Studio Version 17
VisualStudioVersion = 17.7.34024.191
MinimumVisualStudioVersion = 10.0.40219.1
Project("{9A19103F-16F7-4668-BE54-9A1E7A4F7556}") = "Lab_12_1", "Lab_12_1\Lab_12_1.csproj", "{8653E681-31C0-4537-9309-CDFCA13C6D99}"
EndProject
Project("{9A19103F-16F7-4668-BE54-9A1E7A4F7556}") = "TestProject322", "TestProject322\TestProject322.csproj", "{97069E5A-D43E-4E79-A5D0-7660CF7C944D}"
EndProject
Project("{9A19103F-16F7-4668-BE54-9A1E7A4F7556}") = "ClassLibrary", "..\Labb_10\MusicalInstrument\ClassLibrary.csproj", "{073A6CA5-DA0F-404B-8C02-4CE78ABDF0A6}"
EndProject
Global
	GlobalSection(SolutionConfigurationPlatforms) = preSolution
		Debug|Any CPU = Debug|Any CPU
		Release|Any CPU = Release|Any CPU
	EndGlobalSection
	GlobalSection(ProjectConfigurationPlatforms) = postSolution
		{8653E681-31C0-4537-9309-CDFCA13C6D99}.Debug|Any CPU.ActiveCfg = Debug|Any CPU
		{8653E681-31C0-4537-9309-CDFCA13C6D99}.Debug|Any CPU.Build.0 = Debug|Any CPU
		{8653E681-31C0-4537-9309-CDFCA13C6D99}.Release|Any CPU.ActiveCfg = Release|Any CPU
		{8653E681-31C0-4537-9309-CDFCA13C6D99}.Release|Any CPU.Build.0 = Release|Any CPU
		{97069E5A-D43E-4E79-A5D0-7660CF7C944D}.Debug|Any CPU.ActiveCfg = Debug|Any CPU
		{97069E5A-D43E-4E79-A5D0-7660CF7C944D}.Debug|Any CPU.Build.0 = Debug|Any CPU
		{97069E5A-D43E-4E79-A5D0-7660CF7C944D}.Release|Any CPU.ActiveCfg = Release|Any CPU
		{97069E5A-D43E-4E79-A5D0-7660CF7C944D}.Release|Any CPU.Build.0 = Release|Any CPU
		{073A6CA5-DA0F-404B-8C02-4CE78ABDF0A6}.Debug|Any CPU.ActiveCfg = Debug|Any CPU
		{073A6CA5-DA0F-404B-8C02-4CE78ABDF0A6}.Debug|Any CPU.Build.0 = Debug|Any CPU
		{073A6CA5-DA0F-404B-8C02-4CE78ABDF0A6}.Release|Any CPU.ActiveCfg = Release|Any CPU
		{073A6CA5-DA0F-404B-8C02-4CE78ABDF0A6}.Release|Any CPU.Build.0 = Release|Any CPU
	EndGlobalSection
	GlobalSection(SolutionProperties) = preSolution
		HideSolutionNode = FALSE
	EndGlobalSection
	GlobalSection(ExtensibilityGlobals) = postSolution
		SolutionGuid = {EBDF0207-E7DE-437A-9E0A-9816E4564E43}
	EndGlobalSection
EndGlobal
